
Microsoft Visual Studio Solution File, Format Version 12.00
# Visual Studio Version 16
VisualStudioVersion = 16.0.29201.188
MinimumVisualStudioVersion = 10.0.40219.1
Project("{FAE04EC0-301F-11D3-BF4B-00C04F79EFBC}") = "ExerciseCalcInstallments", "ExerciseCalcInstallments.csproj", "{A7AAB874-A555-48E9-B807-7349FF93BB7F}"
EndProject
Global
	GlobalSection(SolutionConfigurationPlatforms) = preSolution
		Debug|Any CPU = Debug|Any CPU
		Release|Any CPU = Release|Any CPU
	EndGlobalSection
	GlobalSection(ProjectConfigurationPlatforms) = postSolution
		{A7AAB874-A555-48E9-B807-7349FF93BB7F}.Debug|Any CPU.ActiveCfg = Debug|Any CPU
		{A7AAB874-A555-48E9-B807-7349FF93BB7F}.Debug|Any CPU.Build.0 = Debug|Any CPU
		{A7AAB874-A555-48E9-B807-7349FF93BB7F}.Release|Any CPU.ActiveCfg = Release|Any CPU
		{A7AAB874-A555-48E9-B807-7349FF93BB7F}.Release|Any CPU.Build.0 = Release|Any CPU
	EndGlobalSection
	GlobalSection(SolutionProperties) = preSolution
		HideSolutionNode = FALSE
	EndGlobalSection
	GlobalSection(ExtensibilityGlobals) = postSolution
		SolutionGuid = {11DC40F9-4936-4633-A8DD-3F939978E06E}
	EndGlobalSection
EndGlobal
